
Microsoft Visual Studio Solution File, Format Version 12.00
# Visual Studio Version 16
VisualStudioVersion = 16.0.30907.101
MinimumVisualStudioVersion = 10.0.40219.1
Project("{9A19103F-16F7-4668-BE54-9A1E7A4F7556}") = "Business", "Business\Business.csproj", "{BEBFE29E-58AA-421F-9515-8225A9D498C0}"
EndProject
Project("{9A19103F-16F7-4668-BE54-9A1E7A4F7556}") = "DataAccess", "DataAccess\DataAccess.csproj", "{A0B57808-F0D6-474E-98C4-2F90E42C080C}"
EndProject
Project("{9A19103F-16F7-4668-BE54-9A1E7A4F7556}") = "Entities", "Entities\Entities.csproj", "{46DACF47-303E-4A1D-A431-4C60E37237E9}"
EndProject
Project("{9A19103F-16F7-4668-BE54-9A1E7A4F7556}") = "ConsoleUI", "ConsoleUI\ConsoleUI.csproj", "{33689063-4256-48EC-B397-D8A4E1D22147}"
EndProject
Project("{9A19103F-16F7-4668-BE54-9A1E7A4F7556}") = "Core", "Core\Core.csproj", "{6C90DD7E-32EF-4C2B-A15F-36EB6BC2D5C1}"
EndProject
Project("{FAE04EC0-301F-11D3-BF4B-00C04F79EFBC}") = "WebAPI", "WebAPI\WebAPI.csproj", "{0C83AA3A-49AB-440B-9414-9706A6C64C3D}"
EndProject
Global
	GlobalSection(SolutionConfigurationPlatforms) = preSolution
		Debug|Any CPU = Debug|Any CPU
		Release|Any CPU = Release|Any CPU
	EndGlobalSection
	GlobalSection(ProjectConfigurationPlatforms) = postSolution
		{BEBFE29E-58AA-421F-9515-8225A9D498C0}.Debug|Any CPU.ActiveCfg = Debug|Any CPU
		{BEBFE29E-58AA-421F-9515-8225A9D498C0}.Debug|Any CPU.Build.0 = Debug|Any CPU
		{BEBFE29E-58AA-421F-9515-8225A9D498C0}.Release|Any CPU.ActiveCfg = Release|Any CPU
		{BEBFE29E-58AA-421F-9515-8225A9D498C0}.Release|Any CPU.Build.0 = Release|Any CPU
		{A0B57808-F0D6-474E-98C4-2F90E42C080C}.Debug|Any CPU.ActiveCfg = Debug|Any CPU
		{A0B57808-F0D6-474E-98C4-2F90E42C080C}.Debug|Any CPU.Build.0 = Debug|Any CPU
		{A0B57808-F0D6-474E-98C4-2F90E42C080C}.Release|Any CPU.ActiveCfg = Release|Any CPU
		{A0B57808-F0D6-474E-98C4-2F90E42C080C}.Release|Any CPU.Build.0 = Release|Any CPU
		{46DACF47-303E-4A1D-A431-4C60E37237E9}.Debug|Any CPU.ActiveCfg = Debug|Any CPU
		{46DACF47-303E-4A1D-A431-4C60E37237E9}.Debug|Any CPU.Build.0 = Debug|Any CPU
		{46DACF47-303E-4A1D-A431-4C60E37237E9}.Release|Any CPU.ActiveCfg = Release|Any CPU
		{46DACF47-303E-4A1D-A431-4C60E37237E9}.Release|Any CPU.Build.0 = Release|Any CPU
		{33689063-4256-48EC-B397-D8A4E1D22147}.Debug|Any CPU.ActiveCfg = Debug|Any CPU
		{33689063-4256-48EC-B397-D8A4E1D22147}.Debug|Any CPU.Build.0 = Debug|Any CPU
		{33689063-4256-48EC-B397-D8A4E1D22147}.Release|Any CPU.ActiveCfg = Release|Any CPU
		{33689063-4256-48EC-B397-D8A4E1D22147}.Release|Any CPU.Build.0 = Release|Any CPU
		{6C90DD7E-32EF-4C2B-A15F-36EB6BC2D5C1}.Debug|Any CPU.ActiveCfg = Debug|Any CPU
		{6C90DD7E-32EF-4C2B-A15F-36EB6BC2D5C1}.Debug|Any CPU.Build.0 = Debug|Any CPU
		{6C90DD7E-32EF-4C2B-A15F-36EB6BC2D5C1}.Release|Any CPU.ActiveCfg = Release|Any CPU
		{6C90DD7E-32EF-4C2B-A15F-36EB6BC2D5C1}.Release|Any CPU.Build.0 = Release|Any CPU
		{0C83AA3A-49AB-440B-9414-9706A6C64C3D}.Debug|Any CPU.ActiveCfg = Debug|Any CPU
		{0C83AA3A-49AB-440B-9414-9706A6C64C3D}.Debug|Any CPU.Build.0 = Debug|Any CPU
		{0C83AA3A-49AB-440B-9414-9706A6C64C3D}.Release|Any CPU.ActiveCfg = Release|Any CPU
		{0C83AA3A-49AB-440B-9414-9706A6C64C3D}.Release|Any CPU.Build.0 = Release|Any CPU
	EndGlobalSection
	GlobalSection(SolutionProperties) = preSolution
		HideSolutionNode = FALSE
	EndGlobalSection
	GlobalSection(ExtensibilityGlobals) = postSolution
		SolutionGuid = {1956BFB4-AE44-44B9-8808-FFDB7130C4F2}
	EndGlobalSection
EndGlobal
